
Microsoft Visual Studio Solution File, Format Version 12.00
Project("{FAE04EC0-301F-11D3-BF4B-00C04F79EFBC}") = "ContainerManagent_02", "ContainerManagent_02\ContainerManagent_02.csproj", "{A167F31E-0140-49DF-BD88-2E184DAAB86D}"
EndProject
Project("{FAE04EC0-301F-11D3-BF4B-00C04F79EFBC}") = "LegacyAppConsumer_03", "LegacyAppConsumer_03\LegacyAppConsumer_03.csproj", "{5A53192A-EC0D-4142-A0F7-9560B719E559}"
EndProject
Project("{FAE04EC0-301F-11D3-BF4B-00C04F79EFBC}") = "Tests_03", "Tests_03\Tests_03.csproj", "{DECA7393-AA05-4F72-981B-54EDDDCD4AE0}"
EndProject
Project("{FAE04EC0-301F-11D3-BF4B-00C04F79EFBC}") = "LegacyApp_3", "LegacyApp_3\LegacyApp_3.csproj", "{20CF841B-8131-43D0-B0A4-327AFD997FCF}"
EndProject
Global
	GlobalSection(SolutionConfigurationPlatforms) = preSolution
		Debug|Any CPU = Debug|Any CPU
		Release|Any CPU = Release|Any CPU
	EndGlobalSection
	GlobalSection(ProjectConfigurationPlatforms) = postSolution
		{A167F31E-0140-49DF-BD88-2E184DAAB86D}.Debug|Any CPU.ActiveCfg = Debug|Any CPU
		{A167F31E-0140-49DF-BD88-2E184DAAB86D}.Debug|Any CPU.Build.0 = Debug|Any CPU
		{A167F31E-0140-49DF-BD88-2E184DAAB86D}.Release|Any CPU.ActiveCfg = Release|Any CPU
		{A167F31E-0140-49DF-BD88-2E184DAAB86D}.Release|Any CPU.Build.0 = Release|Any CPU
		{5A53192A-EC0D-4142-A0F7-9560B719E559}.Debug|Any CPU.ActiveCfg = Debug|Any CPU
		{5A53192A-EC0D-4142-A0F7-9560B719E559}.Debug|Any CPU.Build.0 = Debug|Any CPU
		{5A53192A-EC0D-4142-A0F7-9560B719E559}.Release|Any CPU.ActiveCfg = Release|Any CPU
		{5A53192A-EC0D-4142-A0F7-9560B719E559}.Release|Any CPU.Build.0 = Release|Any CPU
		{DECA7393-AA05-4F72-981B-54EDDDCD4AE0}.Debug|Any CPU.ActiveCfg = Debug|Any CPU
		{DECA7393-AA05-4F72-981B-54EDDDCD4AE0}.Debug|Any CPU.Build.0 = Debug|Any CPU
		{DECA7393-AA05-4F72-981B-54EDDDCD4AE0}.Release|Any CPU.ActiveCfg = Release|Any CPU
		{DECA7393-AA05-4F72-981B-54EDDDCD4AE0}.Release|Any CPU.Build.0 = Release|Any CPU
		{20CF841B-8131-43D0-B0A4-327AFD997FCF}.Debug|Any CPU.ActiveCfg = Debug|Any CPU
		{20CF841B-8131-43D0-B0A4-327AFD997FCF}.Debug|Any CPU.Build.0 = Debug|Any CPU
		{20CF841B-8131-43D0-B0A4-327AFD997FCF}.Release|Any CPU.ActiveCfg = Release|Any CPU
		{20CF841B-8131-43D0-B0A4-327AFD997FCF}.Release|Any CPU.Build.0 = Release|Any CPU
	EndGlobalSection
	GlobalSection(NestedProjects) = preSolution
		{A167F31E-0140-49DF-BD88-2E184DAAB86D} = {3EB8277A-2251-49A8-B3F8-4D95D16962B9}
		{5A53192A-EC0D-4142-A0F7-9560B719E559} = {5BAD4B39-FC2B-4C04-92BE-46DF6F5BD40C}
	EndGlobalSection
EndGlobal
